
Microsoft Visual Studio Solution File, Format Version 12.00
# Visual Studio 15
VisualStudioVersion = 15.0.28307.1800
MinimumVisualStudioVersion = 10.0.40219.1
Project("{8BC9CEB8-8B4A-11D0-8D11-00A0C91BC942}") = "game", "game.vcxproj", "{DDD280D7-4B85-4B03-BBC4-C46CA9BECCCB}"
EndProject
Project("{54435603-DBB4-11D2-8724-00A0C9A8B90C}") = "Setup", "gameSetup.vdproj", "{984E2E2A-0DB0-4F9D-9E5C-A3C536609A39}"
EndProject
Project("{54435603-DBB4-11D2-8724-00A0C9A8B90C}") = "Pixel_Dungeon", "..\Pixel_Dungeon\Pixel_Dungeon.vdproj", "{06D4CD12-6C53-4417-8BA0-1F346BD6AA26}"
EndProject
Project("{54435603-DBB4-11D2-8724-00A0C9A8B90C}") = "Pixel Dungeon", "..\Pixel Dungeon\Pixel Dungeon.vdproj", "{625739B3-ACCC-45EA-809D-2BDAA226B7E0}"
EndProject
Global
	GlobalSection(SolutionConfigurationPlatforms) = preSolution
		Debug|Win32 = Debug|Win32
		Release|Win32 = Release|Win32
	EndGlobalSection
	GlobalSection(ProjectConfigurationPlatforms) = postSolution
		{DDD280D7-4B85-4B03-BBC4-C46CA9BECCCB}.Debug|Win32.ActiveCfg = Debug|Win32
		{DDD280D7-4B85-4B03-BBC4-C46CA9BECCCB}.Debug|Win32.Build.0 = Debug|Win32
		{DDD280D7-4B85-4B03-BBC4-C46CA9BECCCB}.Release|Win32.ActiveCfg = Release|Win32
		{DDD280D7-4B85-4B03-BBC4-C46CA9BECCCB}.Release|Win32.Build.0 = Release|Win32
		{984E2E2A-0DB0-4F9D-9E5C-A3C536609A39}.Debug|Win32.ActiveCfg = Debug
		{984E2E2A-0DB0-4F9D-9E5C-A3C536609A39}.Release|Win32.ActiveCfg = Release
		{984E2E2A-0DB0-4F9D-9E5C-A3C536609A39}.Release|Win32.Build.0 = Release
		{06D4CD12-6C53-4417-8BA0-1F346BD6AA26}.Debug|Win32.ActiveCfg = Debug
		{06D4CD12-6C53-4417-8BA0-1F346BD6AA26}.Release|Win32.ActiveCfg = Release
		{625739B3-ACCC-45EA-809D-2BDAA226B7E0}.Debug|Win32.ActiveCfg = Debug
		{625739B3-ACCC-45EA-809D-2BDAA226B7E0}.Release|Win32.ActiveCfg = Release
	EndGlobalSection
	GlobalSection(SolutionProperties) = preSolution
		HideSolutionNode = FALSE
	EndGlobalSection
	GlobalSection(ExtensibilityGlobals) = postSolution
		SolutionGuid = {7CD4AB9D-A1F3-4689-80F6-4DB198D44084}
	EndGlobalSection
EndGlobal
